
Microsoft Visual Studio Solution File, Format Version 12.00
# Visual Studio Version 17
VisualStudioVersion = 17.6.33829.357
MinimumVisualStudioVersion = 10.0.40219.1
Project("{FAE04EC0-301F-11D3-BF4B-00C04F79EFBC}") = "CoreFormsValidation", "core-forms-validation\CoreFormsValidation.csproj", "{449D7689-83D6-45E9-9E21-A67B29B8A7A4}"
EndProject
Global
	GlobalSection(SolutionConfigurationPlatforms) = preSolution
		Debug|Any CPU = Debug|Any CPU
		Release|Any CPU = Release|Any CPU
	EndGlobalSection
	GlobalSection(ProjectConfigurationPlatforms) = postSolution
		{449D7689-83D6-45E9-9E21-A67B29B8A7A4}.Debug|Any CPU.ActiveCfg = Debug|Any CPU
		{449D7689-83D6-45E9-9E21-A67B29B8A7A4}.Debug|Any CPU.Build.0 = Debug|Any CPU
		{449D7689-83D6-45E9-9E21-A67B29B8A7A4}.Release|Any CPU.ActiveCfg = Release|Any CPU
		{449D7689-83D6-45E9-9E21-A67B29B8A7A4}.Release|Any CPU.Build.0 = Release|Any CPU
	EndGlobalSection
	GlobalSection(SolutionProperties) = preSolution
		HideSolutionNode = FALSE
	EndGlobalSection
	GlobalSection(ExtensibilityGlobals) = postSolution
		SolutionGuid = {5CCE6C88-FE37-4B46-8A7C-F1FF6A460C41}
	EndGlobalSection
EndGlobal
